
Microsoft Visual Studio Solution File, Format Version 12.00
# Visual Studio Version 16
VisualStudioVersion = 16.0.30907.101
MinimumVisualStudioVersion = 10.0.40219.1
Project("{FAE04EC0-301F-11D3-BF4B-00C04F79EFBC}") = "LVAPV07", "LVAPV07\LVAPV07.csproj", "{CA6FCC12-6F08-4C7C-9EDF-31FC508CFF75}"
EndProject
Project("{FAE04EC0-301F-11D3-BF4B-00C04F79EFBC}") = "Examen", "Examen\Examen.csproj", "{56F3A55F-9008-4B05-8897-27BB74EFEE02}"
EndProject
Project("{FAE04EC0-301F-11D3-BF4B-00C04F79EFBC}") = "juego", "juego\juego.csproj", "{40857E5C-23C5-4787-9A46-22C02B84E563}"
EndProject
Global
	GlobalSection(SolutionConfigurationPlatforms) = preSolution
		Debug|Any CPU = Debug|Any CPU
		Release|Any CPU = Release|Any CPU
	EndGlobalSection
	GlobalSection(ProjectConfigurationPlatforms) = postSolution
		{CA6FCC12-6F08-4C7C-9EDF-31FC508CFF75}.Debug|Any CPU.ActiveCfg = Debug|Any CPU
		{CA6FCC12-6F08-4C7C-9EDF-31FC508CFF75}.Debug|Any CPU.Build.0 = Debug|Any CPU
		{CA6FCC12-6F08-4C7C-9EDF-31FC508CFF75}.Release|Any CPU.ActiveCfg = Release|Any CPU
		{CA6FCC12-6F08-4C7C-9EDF-31FC508CFF75}.Release|Any CPU.Build.0 = Release|Any CPU
		{56F3A55F-9008-4B05-8897-27BB74EFEE02}.Debug|Any CPU.ActiveCfg = Debug|Any CPU
		{56F3A55F-9008-4B05-8897-27BB74EFEE02}.Debug|Any CPU.Build.0 = Debug|Any CPU
		{56F3A55F-9008-4B05-8897-27BB74EFEE02}.Release|Any CPU.ActiveCfg = Release|Any CPU
		{56F3A55F-9008-4B05-8897-27BB74EFEE02}.Release|Any CPU.Build.0 = Release|Any CPU
		{40857E5C-23C5-4787-9A46-22C02B84E563}.Debug|Any CPU.ActiveCfg = Debug|Any CPU
		{40857E5C-23C5-4787-9A46-22C02B84E563}.Debug|Any CPU.Build.0 = Debug|Any CPU
		{40857E5C-23C5-4787-9A46-22C02B84E563}.Release|Any CPU.ActiveCfg = Release|Any CPU
		{40857E5C-23C5-4787-9A46-22C02B84E563}.Release|Any CPU.Build.0 = Release|Any CPU
	EndGlobalSection
	GlobalSection(SolutionProperties) = preSolution
		HideSolutionNode = FALSE
	EndGlobalSection
	GlobalSection(ExtensibilityGlobals) = postSolution
		SolutionGuid = {E1E3751A-EC1D-4D91-BB2D-375D076F8BD0}
	EndGlobalSection
EndGlobal
